PODS:
  - CocoaAsyncSocket (7.6.5)
  - Flutter (1.0.0)
  - patrol (0.0.1):
    - CocoaAsyncSocket (~> 7.6)
    - Flutter
    - FlutterMacOS
  - pdfx (1.0.0):
    - Flutter
  - rust_lib_mobile_flutter (0.0.1):
    - Flutter

DEPENDENCIES:
  - Flutter (from `Flutter`)
  - patrol (from `.symlinks/plugins/patrol/darwin`)
  - pdfx (from `.symlinks/plugins/pdfx/ios`)
  - rust_lib_mobile_flutter (from `.symlinks/plugins/rust_lib_mobile_flutter/ios`)

SPEC REPOS:
  trunk:
    - CocoaAsyncSocket

EXTERNAL SOURCES:
  Flutter:
    :path: Flutter
  patrol:
    :path: ".symlinks/plugins/patrol/darwin"
  pdfx:
    :path: ".symlinks/plugins/pdfx/ios"
  rust_lib_mobile_flutter:
    :path: ".symlinks/plugins/rust_lib_mobile_flutter/ios"

SPEC CHECKSUMS:
  CocoaAsyncSocket: 065fd1e645c7abab64f7a6a2007a48038fdc6a99
  Flutter: cabc95a1d2626b1b06e7179b784ebcf0c0cde467
  patrol: cea8074f183a2a4232d0ebd10569ae05149ada42
  pdfx: 77f4dddc48361fbb01486fa2bdee4532cbb97ef3
  rust_lib_mobile_flutter: 2fdf063e6b93c144f4104119733a3420b921c739

PODFILE CHECKSUM: 3d1eba09fad8dd00b529290ebedd4cc49b9d9db9

COCOAPODS: 1.17.0
